
Microsoft Visual Studio Solution File, Format Version 12.00
# Visual Studio Version 17
VisualStudioVersion = 17.1.32421.90
MinimumVisualStudioVersion = 10.0.40219.1
Project("{FAE04EC0-301F-11D3-BF4B-00C04F79EFBC}") = "CoR", "CoR\CoR.csproj", "{C7C5B22A-DBB5-4A9F-93FB-B973D95D2663}"
EndProject
Global
	GlobalSection(SolutionConfigurationPlatforms) = preSolution
		Debug|Any CPU = Debug|Any CPU
		Release|Any CPU = Release|Any CPU
	EndGlobalSection
	GlobalSection(ProjectConfigurationPlatforms) = postSolution
		{C7C5B22A-DBB5-4A9F-93FB-B973D95D2663}.Debug|Any CPU.ActiveCfg = Debug|Any CPU
		{C7C5B22A-DBB5-4A9F-93FB-B973D95D2663}.Debug|Any CPU.Build.0 = Debug|Any CPU
		{C7C5B22A-DBB5-4A9F-93FB-B973D95D2663}.Release|Any CPU.ActiveCfg = Release|Any CPU
		{C7C5B22A-DBB5-4A9F-93FB-B973D95D2663}.Release|Any CPU.Build.0 = Release|Any CPU
	EndGlobalSection
	GlobalSection(SolutionProperties) = preSolution
		HideSolutionNode = FALSE
	EndGlobalSection
	GlobalSection(ExtensibilityGlobals) = postSolution
		SolutionGuid = {280446FC-46F1-422D-8982-FF43E32B53F9}
	EndGlobalSection
EndGlobal
